
Microsoft Visual Studio Solution File, Format Version 12.00
# Visual Studio Version 16
VisualStudioVersion = 25.0.1704.3
MinimumVisualStudioVersion = 10.0.40219.1
Project("{FAE04EC0-301F-11D3-BF4B-00C04F79EFBC}") = "SelectionStatementsExercise2", "SelectionStatementsExercise2.csproj", "{778DA4F8-B164-474E-90BC-9583D7310D28}"
EndProject
Global
	GlobalSection(SolutionConfigurationPlatforms) = preSolution
		Debug|Any CPU = Debug|Any CPU
		Release|Any CPU = Release|Any CPU
	EndGlobalSection
	GlobalSection(ProjectConfigurationPlatforms) = postSolution
		{778DA4F8-B164-474E-90BC-9583D7310D28}.Debug|Any CPU.ActiveCfg = Debug|Any CPU
		{778DA4F8-B164-474E-90BC-9583D7310D28}.Debug|Any CPU.Build.0 = Debug|Any CPU
		{778DA4F8-B164-474E-90BC-9583D7310D28}.Release|Any CPU.ActiveCfg = Release|Any CPU
		{778DA4F8-B164-474E-90BC-9583D7310D28}.Release|Any CPU.Build.0 = Release|Any CPU
	EndGlobalSection
	GlobalSection(SolutionProperties) = preSolution
		HideSolutionNode = FALSE
	EndGlobalSection
	GlobalSection(ExtensibilityGlobals) = postSolution
		SolutionGuid = {3C376DE2-6941-40A3-9F52-34F914CE2E24}
	EndGlobalSection
EndGlobal
